
Microsoft Visual Studio Solution File, Format Version 12.00
# Visual Studio Version 16
VisualStudioVersion = 16.0.29318.209
MinimumVisualStudioVersion = 10.0.40219.1
Project("{FAE04EC0-301F-11D3-BF4B-00C04F79EFBC}") = "CodeChallenge", "CodeChallenge\CodeChallenge.csproj", "{A209B65B-B60D-4DDC-8409-A2FC145CF278}"
EndProject
Global
	GlobalSection(SolutionConfigurationPlatforms) = preSolution
		Debug|Any CPU = Debug|Any CPU
		Release|Any CPU = Release|Any CPU
	EndGlobalSection
	GlobalSection(ProjectConfigurationPlatforms) = postSolution
		{A209B65B-B60D-4DDC-8409-A2FC145CF278}.Debug|Any CPU.ActiveCfg = Debug|Any CPU
		{A209B65B-B60D-4DDC-8409-A2FC145CF278}.Debug|Any CPU.Build.0 = Debug|Any CPU
		{A209B65B-B60D-4DDC-8409-A2FC145CF278}.Release|Any CPU.ActiveCfg = Release|Any CPU
		{A209B65B-B60D-4DDC-8409-A2FC145CF278}.Release|Any CPU.Build.0 = Release|Any CPU
	EndGlobalSection
	GlobalSection(SolutionProperties) = preSolution
		HideSolutionNode = FALSE
	EndGlobalSection
	GlobalSection(ExtensibilityGlobals) = postSolution
		SolutionGuid = {8FF4AB48-F509-4C6C-B34B-305A50572F2E}
	EndGlobalSection
EndGlobal
